// !$*UTF8*$!
{
	archiveVersion = 1;
	classes = {
	};
	objectVersion = 50;
	objects = {

/* Begin PBXBuildFile section */
		355019622269245600C2FBBC /* UserCell.swift in Sources */ = {isa = PBXBuildFile; fileRef = 355019612269245600C2FBBC /* UserCell.swift */; };
		35602E77225D49FA0078EEFB /* dataModel.swift in Sources */ = {isa = PBXBuildFile; fileRef = 35602E76225D49FA0078EEFB /* dataModel.swift */; };
		35602E79225D6FED0078EEFB /* PlayerStatsViewController.swift in Sources */ = {isa = PBXBuildFile; fileRef = 35602E78225D6FED0078EEFB /* PlayerStatsViewController.swift */; };
		35A9DBC42266CB3D00EC5AC5 /* LoginViewController.swift in Sources */ = {isa = PBXBuildFile; fileRef = 35A9DBC32266CB3D00EC5AC5 /* LoginViewController.swift */; };
		35B564AA2256C63E002559DA /* AppDelegate.swift in Sources */ = {isa = PBXBuildFile; fileRef = 35B564A92256C63E002559DA /* AppDelegate.swift */; };
		35B564AF2256C63E002559DA /* Main.storyboard in Resources */ = {isa = PBXBuildFile; fileRef = 35B564AD2256C63E002559DA /* Main.storyboard */; };
		35B564B12256C63F002559DA /* Assets.xcassets in Resources */ = {isa = PBXBuildFile; fileRef = 35B564B02256C63F002559DA /* Assets.xcassets */; };
		35B564B42256C63F002559DA /* LaunchScreen.storyboard in Resources */ = {isa = PBXBuildFile; fileRef = 35B564B22256C63F002559DA /* LaunchScreen.storyboard */; };
		35B564BC2256C679002559DA /* GoogleService-Info.plist in Resources */ = {isa = PBXBuildFile; fileRef = 35B564BB2256C679002559DA /* GoogleService-Info.plist */; };
		35B564C22256FEB9002559DA /* Podfile in Resources */ = {isa = PBXBuildFile; fileRef = 35B564C12256FEB9002559DA /* Podfile */; };
		35B564C6225AEBF7002559DA /* ComposeViewController.swift in Sources */ = {isa = PBXBuildFile; fileRef = 35B564C5225AEBF7002559DA /* ComposeViewController.swift */; };
		35B564C8225AF181002559DA /* TableViewController.swift in Sources */ = {isa = PBXBuildFile; fileRef = 35B564C7225AF181002559DA /* TableViewController.swift */; };
		35B564CA225BDA4F002559DA /* NetworkProcessor.swift in Sources */ = {isa = PBXBuildFile; fileRef = 35B564C9225BDA4F002559DA /* NetworkProcessor.swift */; };
		35B564CD225C01BC002559DA /* PlayerStatsService.swift in Sources */ = {isa = PBXBuildFile; fileRef = 35B564CC225C01BC002559DA /* PlayerStatsService.swift */; };
		35D5FE61225D912300AF6FAF /* Methods.swift in Sources */ = {isa = PBXBuildFile; fileRef = 35D5FE60225D912300AF6FAF /* Methods.swift */; };
		35D5FE63225E68DF00AF6FAF /* PlayerReferences.swift in Sources */ = {isa = PBXBuildFile; fileRef = 35D5FE62225E68DF00AF6FAF /* PlayerReferences.swift */; };
		35D5FE65225E6C2100AF6FAF /* Offense.swift in Sources */ = {isa = PBXBuildFile; fileRef = 35D5FE64225E6C2100AF6FAF /* Offense.swift */; };
		35D5FE67225E6C6A00AF6FAF /* Defense.swift in Sources */ = {isa = PBXBuildFile; fileRef = 35D5FE66225E6C6A00AF6FAF /* Defense.swift */; };
		35D5FE69225E6C7200AF6FAF /* Rebounds.swift in Sources */ = {isa = PBXBuildFile; fileRef = 35D5FE68225E6C7200AF6FAF /* Rebounds.swift */; };
		35D5FE6B225E6C8100AF6FAF /* Freethrows.swift in Sources */ = {isa = PBXBuildFile; fileRef = 35D5FE6A225E6C8100AF6FAF /* Freethrows.swift */; };
		35D5FE6D225E6C8C00AF6FAF /* FieldGoals.swift in Sources */ = {isa = PBXBuildFile; fileRef = 35D5FE6C225E6C8C00AF6FAF /* FieldGoals.swift */; };
		35D5FE6F225E6C9800AF6FAF /* HomeTeam.swift in Sources */ = {isa = PBXBuildFile; fileRef = 35D5FE6E225E6C9800AF6FAF /* HomeTeam.swift */; };
		35D5FE71225E6CA100AF6FAF /* PlayerStatsTotals.swift in Sources */ = {isa = PBXBuildFile; fileRef = 35D5FE70225E6CA100AF6FAF /* PlayerStatsTotals.swift */; };
		35D5FE73225E6CAA00AF6FAF /* AwayTeam.swift in Sources */ = {isa = PBXBuildFile; fileRef = 35D5FE72225E6CAA00AF6FAF /* AwayTeam.swift */; };
		35D5FE75225E6CB400AF6FAF /* Team.swift in Sources */ = {isa = PBXBuildFile; fileRef = 35D5FE74225E6CB400AF6FAF /* Team.swift */; };
		35D5FE77225E6CBF00AF6FAF /* CurrentTeam.swift in Sources */ = {isa = PBXBuildFile; fileRef = 35D5FE76225E6CBF00AF6FAF /* CurrentTeam.swift */; };
		35D5FE79225E6CC900AF6FAF /* Stats.swift in Sources */ = {isa = PBXBuildFile; fileRef = 35D5FE78225E6CC900AF6FAF /* Stats.swift */; };
		35D5FE7B225E6CD400AF6FAF /* GameReferences.swift in Sources */ = {isa = PBXBuildFile; fileRef = 35D5FE7A225E6CD400AF6FAF /* GameReferences.swift */; };
		35D5FE7D225E6CDF00AF6FAF /* VenueReferences.swift in Sources */ = {isa = PBXBuildFile; fileRef = 35D5FE7C225E6CDF00AF6FAF /* VenueReferences.swift */; };
		35D5FE83225E9A0C00AF6FAF /* UsersViewController.swift in Sources */ = {isa = PBXBuildFile; fileRef = 35D5FE82225E9A0C00AF6FAF /* UsersViewController.swift */; };
		35D5FE87225E9D1500AF6FAF /* User.swift in Sources */ = {isa = PBXBuildFile; fileRef = 35D5FE86225E9D1500AF6FAF /* User.swift */; };
		35FA1AC6225C2A2C00D27480 /* LoginRegisterViewController.swift in Sources */ = {isa = PBXBuildFile; fileRef = 35FA1AC5225C2A2C00D27480 /* LoginRegisterViewController.swift */; };
		35FA1AC8225C391000D27480 /* SuccessfulLoginRegister.swift in Sources */ = {isa = PBXBuildFile; fileRef = 35FA1AC7225C391000D27480 /* SuccessfulLoginRegister.swift */; };
		FA7A881BD7C30BFCC89D3B12 /* Pods_ElfElf.framework in Frameworks */ = {isa = PBXBuildFile; fileRef = CD3806ABBF4C4A8DA3CD335F /* Pods_ElfElf.framework */; };
/* End PBXBuildFile section */

/* Begin PBXFileReference section */
		355019612269245600C2FBBC /* UserCell.swift */ = {isa = PBXFileReference; lastKnownFileType = sourcecode.swift; path = UserCell.swift; sourceTree = "<group>"; };
		35602E76225D49FA0078EEFB /* dataModel.swift */ = {isa = PBXFileReference; lastKnownFileType = sourcecode.swift; path = dataModel.swift; sourceTree = "<group>"; };
		35602E78225D6FED0078EEFB /* PlayerStatsViewController.swift */ = {isa = PBXFileReference; lastKnownFileType = sourcecode.swift; path = PlayerStatsViewController.swift; sourceTree = "<group>"; };
		35A85E39226902420046A301 /* ElfElf-Bridging-Header.h */ = {isa = PBXFileReference; lastKnownFileType = sourcecode.c.h; path = "ElfElf-Bridging-Header.h"; sourceTree = "<group>"; };
		35A9DBC32266CB3D00EC5AC5 /* LoginViewController.swift */ = {isa = PBXFileReference; lastKnownFileType = sourcecode.swift; path = LoginViewController.swift; sourceTree = "<group>"; };
		35B564A62256C63E002559DA /* ElfElf.app */ = {isa = PBXFileReference; explicitFileType = wrapper.application; includeInIndex = 0; path = ElfElf.app; sourceTree = BUILT_PRODUCTS_DIR; };
		35B564A92256C63E002559DA /* AppDelegate.swift */ = {isa = PBXFileReference; lastKnownFileType = sourcecode.swift; path = AppDelegate.swift; sourceTree = "<group>"; };
		35B564AE2256C63E002559DA /* Base */ = {isa = PBXFileReference; lastKnownFileType = file.storyboard; name = Base; path = Base.lproj/Main.storyboard; sourceTree = "<group>"; };
		35B564B02256C63F002559DA /* Assets.xcassets */ = {isa = PBXFileReference; lastKnownFileType = folder.assetcatalog; path = Assets.xcassets; sourceTree = "<group>"; };
		35B564B32256C63F002559DA /* Base */ = {isa = PBXFileReference; lastKnownFileType = file.storyboard; name = Base; path = Base.lproj/LaunchScreen.storyboard; sourceTree = "<group>"; };
		35B564B52256C63F002559DA /* Info.plist */ = {isa = PBXFileReference; lastKnownFileType = text.plist.xml; path = Info.plist; sourceTree = "<group>"; };
		35B564BB2256C679002559DA /* GoogleService-Info.plist */ = {isa = PBXFileReference; fileEncoding = 4; lastKnownFileType = text.plist.xml; path = "GoogleService-Info.plist"; sourceTree = "<group>"; };
		35B564C12256FEB9002559DA /* Podfile */ = {isa = PBXFileReference; lastKnownFileType = text; path = Podfile; sourceTree = "<group>"; xcLanguageSpecificationIdentifier = xcode.lang.ruby; };
		35B564C5225AEBF7002559DA /* ComposeViewController.swift */ = {isa = PBXFileReference; lastKnownFileType = sourcecode.swift; path = ComposeViewController.swift; sourceTree = "<group>"; };
		35B564C7225AF181002559DA /* TableViewController.swift */ = {isa = PBXFileReference; lastKnownFileType = sourcecode.swift; path = TableViewController.swift; sourceTree = "<group>"; };
		35B564C9225BDA4F002559DA /* NetworkProcessor.swift */ = {isa = PBXFileReference; lastKnownFileType = sourcecode.swift; path = NetworkProcessor.swift; sourceTree = "<group>"; };
		35B564CC225C01BC002559DA /* PlayerStatsService.swift */ = {isa = PBXFileReference; lastKnownFileType = sourcecode.swift; path = PlayerStatsService.swift; sourceTree = "<group>"; };
		35D5FE60225D912300AF6FAF /* Methods.swift */ = {isa = PBXFileReference; lastKnownFileType = sourcecode.swift; path = Methods.swift; sourceTree = "<group>"; };
		35D5FE62225E68DF00AF6FAF /* PlayerReferences.swift */ = {isa = PBXFileReference; lastKnownFileType = sourcecode.swift; path = PlayerReferences.swift; sourceTree = "<group>"; };
		35D5FE64225E6C2100AF6FAF /* Offense.swift */ = {isa = PBXFileReference; lastKnownFileType = sourcecode.swift; path = Offense.swift; sourceTree = "<group>"; };
		35D5FE66225E6C6A00AF6FAF /* Defense.swift */ = {isa = PBXFileReference; lastKnownFileType = sourcecode.swift; path = Defense.swift; sourceTree = "<group>"; };
		35D5FE68225E6C7200AF6FAF /* Rebounds.swift */ = {isa = PBXFileReference; lastKnownFileType = sourcecode.swift; path = Rebounds.swift; sourceTree = "<group>"; };
		35D5FE6A225E6C8100AF6FAF /* Freethrows.swift */ = {isa = PBXFileReference; lastKnownFileType = sourcecode.swift; path = Freethrows.swift; sourceTree = "<group>"; };
		35D5FE6C225E6C8C00AF6FAF /* FieldGoals.swift */ = {isa = PBXFileReference; lastKnownFileType = sourcecode.swift; path = FieldGoals.swift; sourceTree = "<group>"; };
		35D5FE6E225E6C9800AF6FAF /* HomeTeam.swift */ = {isa = PBXFileReference; lastKnownFileType = sourcecode.swift; path = HomeTeam.swift; sourceTree = "<group>"; };
		35D5FE70225E6CA100AF6FAF /* PlayerStatsTotals.swift */ = {isa = PBXFileReference; lastKnownFileType = sourcecode.swift; path = PlayerStatsTotals.swift; sourceTree = "<group>"; };
		35D5FE72225E6CAA00AF6FAF /* AwayTeam.swift */ = {isa = PBXFileReference; lastKnownFileType = sourcecode.swift; path = AwayTeam.swift; sourceTree = "<group>"; };
		35D5FE74225E6CB400AF6FAF /* Team.swift */ = {isa = PBXFileReference; lastKnownFileType = sourcecode.swift; path = Team.swift; sourceTree = "<group>"; };
		35D5FE76225E6CBF00AF6FAF /* CurrentTeam.swift */ = {isa = PBXFileReference; lastKnownFileType = sourcecode.swift; path = CurrentTeam.swift; sourceTree = "<group>"; };
		35D5FE78225E6CC900AF6FAF /* Stats.swift */ = {isa = PBXFileReference; lastKnownFileType = sourcecode.swift; path = Stats.swift; sourceTree = "<group>"; };
		35D5FE7A225E6CD400AF6FAF /* GameReferences.swift */ = {isa = PBXFileReference; lastKnownFileType = sourcecode.swift; path = GameReferences.swift; sourceTree = "<group>"; };
		35D5FE7C225E6CDF00AF6FAF /* VenueReferences.swift */ = {isa = PBXFileReference; lastKnownFileType = sourcecode.swift; path = VenueReferences.swift; sourceTree = "<group>"; };
		35D5FE82225E9A0C00AF6FAF /* UsersViewController.swift */ = {isa = PBXFileReference; lastKnownFileType = sourcecode.swift; path = UsersViewController.swift; sourceTree = "<group>"; };
		35D5FE86225E9D1500AF6FAF /* User.swift */ = {isa = PBXFileReference; lastKnownFileType = sourcecode.swift; path = User.swift; sourceTree = "<group>"; };
		35FA1AC5225C2A2C00D27480 /* LoginRegisterViewController.swift */ = {isa = PBXFileReference; lastKnownFileType = sourcecode.swift; path = LoginRegisterViewController.swift; sourceTree = "<group>"; };
		35FA1AC7225C391000D27480 /* SuccessfulLoginRegister.swift */ = {isa = PBXFileReference; lastKnownFileType = sourcecode.swift; path = SuccessfulLoginRegister.swift; sourceTree = "<group>"; };
		49F40D0BA44C2095AB760413 /* Pods-ElfElf.release.xcconfig */ = {isa = PBXFileReference; includeInIndex = 1; lastKnownFileType = text.xcconfig; name = "Pods-ElfElf.release.xcconfig"; path = "Target Support Files/Pods-ElfElf/Pods-ElfElf.release.xcconfig"; sourceTree = "<group>"; };
		ACE3C1B2DBDB6D98EE7DF537 /* Pods-ElfElf.debug.xcconfig */ = {isa = PBXFileReference; includeInIndex = 1; lastKnownFileType = text.xcconfig; name = "Pods-ElfElf.debug.xcconfig"; path = "Target Support Files/Pods-ElfElf/Pods-ElfElf.debug.xcconfig"; sourceTree = "<group>"; };
		CD3806ABBF4C4A8DA3CD335F /* Pods_ElfElf.framework */ = {isa = PBXFileReference; explicitFileType = wrapper.framework; includeInIndex = 0; path = Pods_ElfElf.framework; sourceTree = BUILT_PRODUCTS_DIR; };
/* End PBXFileReference section */

/* Begin PBXFrameworksBuildPhase section */
		35B564A32256C63E002559DA /* Frameworks */ = {
			isa = PBXFrameworksBuildPhase;
			buildActionMask = 2147483647;
			files = (
				FA7A881BD7C30BFCC89D3B12 /* Pods_ElfElf.framework in Frameworks */,
			);
			runOnlyForDeploymentPostprocessing = 0;
		};
/* End PBXFrameworksBuildPhase section */

/* Begin PBXGroup section */
		35B5649D2256C63E002559DA = {
			isa = PBXGroup;
			children = (
				35B564C12256FEB9002559DA /* Podfile */,
				35B564A82256C63E002559DA /* ElfElf */,
				35B564A72256C63E002559DA /* Products */,
				C36764590B8E085A9205EC77 /* Pods */,
				B01FB8B4C8C70BDE7B34A680 /* Frameworks */,
			);
			sourceTree = "<group>";
		};
		35B564A72256C63E002559DA /* Products */ = {
			isa = PBXGroup;
			children = (
				35B564A62256C63E002559DA /* ElfElf.app */,
			);
			name = Products;
			sourceTree = "<group>";
		};
		35B564A82256C63E002559DA /* ElfElf */ = {
			isa = PBXGroup;
			children = (
				35D5FE85225E9D0200AF6FAF /* Objects */,
				35B564A92256C63E002559DA /* AppDelegate.swift */,
				35D5FE60225D912300AF6FAF /* Methods.swift */,
				35D5FE82225E9A0C00AF6FAF /* UsersViewController.swift */,
				35B564C5225AEBF7002559DA /* ComposeViewController.swift */,
				35FA1AC7225C391000D27480 /* SuccessfulLoginRegister.swift */,
				35602E78225D6FED0078EEFB /* PlayerStatsViewController.swift */,
				35FA1AC5225C2A2C00D27480 /* LoginRegisterViewController.swift */,
				35A9DBC32266CB3D00EC5AC5 /* LoginViewController.swift */,
				35B564C7225AF181002559DA /* TableViewController.swift */,
				35B564CB225BDA56002559DA /* Model */,
				35B564AD2256C63E002559DA /* Main.storyboard */,
				35B564B02256C63F002559DA /* Assets.xcassets */,
				35B564B22256C63F002559DA /* LaunchScreen.storyboard */,
				35B564B52256C63F002559DA /* Info.plist */,
				35B564BB2256C679002559DA /* GoogleService-Info.plist */,
			);
			path = ElfElf;
			sourceTree = "<group>";
		};
		35B564CB225BDA56002559DA /* Model */ = {
			isa = PBXGroup;
			children = (
				35A85E39226902420046A301 /* ElfElf-Bridging-Header.h */,
				35B564C9225BDA4F002559DA /* NetworkProcessor.swift */,
				35B564CC225C01BC002559DA /* PlayerStatsService.swift */,
				35602E76225D49FA0078EEFB /* dataModel.swift */,
				35D5FE78225E6CC900AF6FAF /* Stats.swift */,
				35D5FE62225E68DF00AF6FAF /* PlayerReferences.swift */,
				35D5FE64225E6C2100AF6FAF /* Offense.swift */,
				35D5FE66225E6C6A00AF6FAF /* Defense.swift */,
				35D5FE68225E6C7200AF6FAF /* Rebounds.swift */,
				35D5FE6A225E6C8100AF6FAF /* Freethrows.swift */,
				35D5FE6C225E6C8C00AF6FAF /* FieldGoals.swift */,
				35D5FE74225E6CB400AF6FAF /* Team.swift */,
				35D5FE70225E6CA100AF6FAF /* PlayerStatsTotals.swift */,
				35D5FE76225E6CBF00AF6FAF /* CurrentTeam.swift */,
				35D5FE72225E6CAA00AF6FAF /* AwayTeam.swift */,
				35D5FE6E225E6C9800AF6FAF /* HomeTeam.swift */,
				35D5FE7A225E6CD400AF6FAF /* GameReferences.swift */,
				35D5FE7C225E6CDF00AF6FAF /* VenueReferences.swift */,
			);
			path = Model;
			sourceTree = "<group>";
		};
		35D5FE84225E9A1C00AF6FAF /* Users */ = {
			isa = PBXGroup;
			children = (
				355019612269245600C2FBBC /* UserCell.swift */,
			);
			path = Users;
			sourceTree = "<group>";
		};
		35D5FE85225E9D0200AF6FAF /* Objects */ = {
			isa = PBXGroup;
			children = (
				35D5FE86225E9D1500AF6FAF /* User.swift */,
				35D5FE84225E9A1C00AF6FAF /* Users */,
			);
			path = Objects;
			sourceTree = "<group>";
		};
		B01FB8B4C8C70BDE7B34A680 /* Frameworks */ = {
			isa = PBXGroup;
			children = (
				CD3806ABBF4C4A8DA3CD335F /* Pods_ElfElf.framework */,
			);
			name = Frameworks;
			sourceTree = "<group>";
		};
		C36764590B8E085A9205EC77 /* Pods */ = {
			isa = PBXGroup;
			children = (
				ACE3C1B2DBDB6D98EE7DF537 /* Pods-ElfElf.debug.xcconfig */,
				49F40D0BA44C2095AB760413 /* Pods-ElfElf.release.xcconfig */,
			);
			path = Pods;
			sourceTree = "<group>";
		};
/* End PBXGroup section */

/* Begin PBXNativeTarget section */
		35B564A52256C63E002559DA /* ElfElf */ = {
			isa = PBXNativeTarget;
			buildConfigurationList = 35B564B82256C63F002559DA /* Build configuration list for PBXNativeTarget "ElfElf" */;
			buildPhases = (
				33836CD445CE545A66944219 /* [CP] Check Pods Manifest.lock */,
				35B564A22256C63E002559DA /* Sources */,
				35B564A32256C63E002559DA /* Frameworks */,
				35B564A42256C63E002559DA /* Resources */,
				AF30C778FF70CBF1964E4CA3 /* [CP] Embed Pods Frameworks */,
				749599641115200BD2017202 /* [CP] Copy Pods Resources */,
			);
			buildRules = (
			);
			dependencies = (
			);
			name = ElfElf;
			productName = ElfElf;
			productReference = 35B564A62256C63E002559DA /* ElfElf.app */;
			productType = "com.apple.product-type.application";
		};
/* End PBXNativeTarget section */

/* Begin PBXProject section */
		35B5649E2256C63E002559DA /* Project object */ = {
			isa = PBXProject;
			attributes = {
				LastSwiftUpdateCheck = 1010;
				LastUpgradeCheck = 1010;
				ORGANIZATIONNAME = "Tod Brown";
				TargetAttributes = {
					35B564A52256C63E002559DA = {
						CreatedOnToolsVersion = 10.1;
						LastSwiftMigration = 1010;
					};
				};
			};
			buildConfigurationList = 35B564A12256C63E002559DA /* Build configuration list for PBXProject "ElfElf" */;
			compatibilityVersion = "Xcode 9.3";
			developmentRegion = en;
			hasScannedForEncodings = 0;
			knownRegions = (
				en,
				Base,
			);
			mainGroup = 35B5649D2256C63E002559DA;
			productRefGroup = 35B564A72256C63E002559DA /* Products */;
			projectDirPath = "";
			projectRoot = "";
			targets = (
				35B564A52256C63E002559DA /* ElfElf */,
			);
		};
/* End PBXProject section */

/* Begin PBXResourcesBuildPhase section */
		35B564A42256C63E002559DA /* Resources */ = {
			isa = PBXResourcesBuildPhase;
			buildActionMask = 2147483647;
			files = (
				35B564C22256FEB9002559DA /* Podfile in Resources */,
				35B564B42256C63F002559DA /* LaunchScreen.storyboard in Resources */,
				35B564BC2256C679002559DA /* GoogleService-Info.plist in Resources */,
				35B564B12256C63F002559DA /* Assets.xcassets in Resources */,
				35B564AF2256C63E002559DA /* Main.storyboard in Resources */,
			);
			runOnlyForDeploymentPostprocessing = 0;
		};
/* End PBXResourcesBuildPhase section */

/* Begin PBXShellScriptBuildPhase section */
		33836CD445CE545A66944219 /* [CP] Check Pods Manifest.lock */ = {
			isa = PBXShellScriptBuildPhase;
			buildActionMask = 2147483647;
			files = (
			);
			inputFileListPaths = (
			);
			inputPaths = (
				"${PODS_PODFILE_DIR_PATH}/Podfile.lock",
				"${PODS_ROOT}/Manifest.lock",
			);
			name = "[CP] Check Pods Manifest.lock";
			outputFileListPaths = (
			);
			outputPaths = (
				"$(DERIVED_FILE_DIR)/Pods-ElfElf-checkManifestLockResult.txt",
			);
			runOnlyForDeploymentPostprocessing = 0;
			shellPath = /bin/sh;
			shellScript = "diff \"${PODS_PODFILE_DIR_PATH}/Podfile.lock\" \"${PODS_ROOT}/Manifest.lock\" > /dev/null\nif [ $? != 0 ] ; then\n    # print error to STDERR\n    echo \"error: The sandbox is not in sync with the Podfile.lock. Run 'pod install' or update your CocoaPods installation.\" >&2\n    exit 1\nfi\n# This output is used by Xcode 'outputs' to avoid re-running this script phase.\necho \"SUCCESS\" > \"${SCRIPT_OUTPUT_FILE_0}\"\n";
			showEnvVarsInLog = 0;
		};
		749599641115200BD2017202 /* [CP] Copy Pods Resources */ = {
			isa = PBXShellScriptBuildPhase;
			buildActionMask = 2147483647;
			files = (
			);
			inputFileListPaths = (
			);
			inputPaths = (
				"${PODS_ROOT}/Target Support Files/Pods-ElfElf/Pods-ElfElf-resources.sh",
				"${PODS_CONFIGURATION_BUILD_DIR}/FirebaseUI/FirebaseAuthUI.bundle",
				"${PODS_CONFIGURATION_BUILD_DIR}/FirebaseUI/FirebaseEmailAuthUI.bundle",
				"${PODS_ROOT}/GoogleSignIn/Resources/GoogleSignIn.bundle",
			);
			name = "[CP] Copy Pods Resources";
			outputFileListPaths = (
			);
			outputPaths = (
				"${TARGET_BUILD_DIR}/${UNLOCALIZED_RESOURCES_FOLDER_PATH}/FirebaseAuthUI.bundle",
				"${TARGET_BUILD_DIR}/${UNLOCALIZED_RESOURCES_FOLDER_PATH}/FirebaseEmailAuthUI.bundle",
				"${TARGET_BUILD_DIR}/${UNLOCALIZED_RESOURCES_FOLDER_PATH}/GoogleSignIn.bundle",
			);
			runOnlyForDeploymentPostprocessing = 0;
			shellPath = /bin/sh;
			shellScript = "\"${PODS_ROOT}/Target Support Files/Pods-ElfElf/Pods-ElfElf-resources.sh\"\n";
			showEnvVarsInLog = 0;
		};
		AF30C778FF70CBF1964E4CA3 /* [CP] Embed Pods Frameworks */ = {
			isa = PBXShellScriptBuildPhase;
			buildActionMask = 2147483647;
			files = (
			);
			inputFileListPaths = (
			);
			inputPaths = (
				"${PODS_ROOT}/Target Support Files/Pods-ElfElf/Pods-ElfElf-frameworks.sh",
				"${BUILT_PRODUCTS_DIR}/GTMSessionFetcher/GTMSessionFetcher.framework",
				"${BUILT_PRODUCTS_DIR}/GoogleToolboxForMac/GoogleToolboxForMac.framework",
				"${BUILT_PRODUCTS_DIR}/GoogleUtilities/GoogleUtilities.framework",
				"${BUILT_PRODUCTS_DIR}/leveldb-library/leveldb.framework",
				"${BUILT_PRODUCTS_DIR}/nanopb/nanopb.framework",
			);
			name = "[CP] Embed Pods Frameworks";
			outputFileListPaths = (
			);
			outputPaths = (
				"${TARGET_BUILD_DIR}/${FRAMEWORKS_FOLDER_PATH}/GTMSessionFetcher.framework",
				"${TARGET_BUILD_DIR}/${FRAMEWORKS_FOLDER_PATH}/GoogleToolboxForMac.framework",
				"${TARGET_BUILD_DIR}/${FRAMEWORKS_FOLDER_PATH}/GoogleUtilities.framework",
				"${TARGET_BUILD_DIR}/${FRAMEWORKS_FOLDER_PATH}/leveldb.framework",
				"${TARGET_BUILD_DIR}/${FRAMEWORKS_FOLDER_PATH}/nanopb.framework",
			);
			runOnlyForDeploymentPostprocessing = 0;
			shellPath = /bin/sh;
			shellScript = "\"${PODS_ROOT}/Target Support Files/Pods-ElfElf/Pods-ElfElf-frameworks.sh\"\n";
			showEnvVarsInLog = 0;
		};
/* End PBXShellScriptBuildPhase section */

/* Begin PBXSourcesBuildPhase section */
		35B564A22256C63E002559DA /* Sources */ = {
			isa = PBXSourcesBuildPhase;
			buildActionMask = 2147483647;
			files = (
				35A9DBC42266CB3D00EC5AC5 /* LoginViewController.swift in Sources */,
				35B564CD225C01BC002559DA /* PlayerStatsService.swift in Sources */,
				35D5FE6B225E6C8100AF6FAF /* Freethrows.swift in Sources */,
				35B564AA2256C63E002559DA /* AppDelegate.swift in Sources */,
				35D5FE75225E6CB400AF6FAF /* Team.swift in Sources */,
				35D5FE71225E6CA100AF6FAF /* PlayerStatsTotals.swift in Sources */,
				35D5FE87225E9D1500AF6FAF /* User.swift in Sources */,
				35B564C8225AF181002559DA /* TableViewController.swift in Sources */,
				35FA1AC8225C391000D27480 /* SuccessfulLoginRegister.swift in Sources */,
				35602E79225D6FED0078EEFB /* PlayerStatsViewController.swift in Sources */,
				35FA1AC6225C2A2C00D27480 /* LoginRegisterViewController.swift in Sources */,
				35D5FE6D225E6C8C00AF6FAF /* FieldGoals.swift in Sources */,
				35D5FE65225E6C2100AF6FAF /* Offense.swift in Sources */,
				35D5FE77225E6CBF00AF6FAF /* CurrentTeam.swift in Sources */,
				35602E77225D49FA0078EEFB /* dataModel.swift in Sources */,
				35D5FE7B225E6CD400AF6FAF /* GameReferences.swift in Sources */,
				35D5FE83225E9A0C00AF6FAF /* UsersViewController.swift in Sources */,
				35D5FE79225E6CC900AF6FAF /* Stats.swift in Sources */,
				35D5FE6F225E6C9800AF6FAF /* HomeTeam.swift in Sources */,
				35D5FE67225E6C6A00AF6FAF /* Defense.swift in Sources */,
				355019622269245600C2FBBC /* UserCell.swift in Sources */,
				35D5FE73225E6CAA00AF6FAF /* AwayTeam.swift in Sources */,
				35D5FE69225E6C7200AF6FAF /* Rebounds.swift in Sources */,
				35B564C6225AEBF7002559DA /* ComposeViewController.swift in Sources */,
				35D5FE63225E68DF00AF6FAF /* PlayerReferences.swift in Sources */,
				35D5FE61225D912300AF6FAF /* Methods.swift in Sources */,
				35B564CA225BDA4F002559DA /* NetworkProcessor.swift in Sources */,
				35D5FE7D225E6CDF00AF6FAF /* VenueReferences.swift in Sources */,
			);
			runOnlyForDeploymentPostprocessing = 0;
		};
/* End PBXSourcesBuildPhase section */

/* Begin PBXVariantGroup section */
		35B564AD2256C63E002559DA /* Main.storyboard */ = {
			isa = PBXVariantGroup;
			children = (
				35B564AE2256C63E002559DA /* Base */,
			);
			name = Main.storyboard;
			sourceTree = "<group>";
		};
		35B564B22256C63F002559DA /* LaunchScreen.storyboard */ = {
			isa = PBXVariantGroup;
			children = (
				35B564B32256C63F002559DA /* Base */,
			);
			name = LaunchScreen.storyboard;
			sourceTree = "<group>";
		};
/* End PBXVariantGroup section */

/* Begin XCBuildConfiguration section */
		35B564B62256C63F002559DA /* Debug */ = {
			isa = XCBuildConfiguration;
			buildSettings = {
				ALWAYS_SEARCH_USER_PATHS = NO;
				CLANG_ANALYZER_NONNULL = YES;
				CLANG_ANALYZER_NUMBER_OBJECT_CONVERSION = YES_AGGRESSIVE;
				CLANG_CXX_LANGUAGE_STANDARD = "gnu++14";
				CLANG_CXX_LIBRARY = "libc++";
				CLANG_ENABLE_MODULES = YES;
				CLANG_ENABLE_OBJC_ARC = YES;
				CLANG_ENABLE_OBJC_WEAK = YES;
				CLANG_WARN_BLOCK_CAPTURE_AUTORELEASING = YES;
				CLANG_WARN_BOOL_CONVERSION = YES;
				CLANG_WARN_COMMA = YES;
				CLANG_WARN_CONSTANT_CONVERSION = YES;
				CLANG_WARN_DEPRECATED_OBJC_IMPLEMENTATIONS = YES;
				CLANG_WARN_DIRECT_OBJC_ISA_USAGE = YES_ERROR;
				CLANG_WARN_DOCUMENTATION_COMMENTS = YES;
				CLANG_WARN_EMPTY_BODY = YES;
				CLANG_WARN_ENUM_CONVERSION = YES;
				CLANG_WARN_INFINITE_RECURSION = YES;
				CLANG_WARN_INT_CONVERSION = YES;
				CLANG_WARN_NON_LITERAL_NULL_CONVERSION = YES;
				CLANG_WARN_OBJC_IMPLICIT_RETAIN_SELF = YES;
				CLANG_WARN_OBJC_LITERAL_CONVERSION = YES;
				CLANG_WARN_OBJC_ROOT_CLASS = YES_ERROR;
				CLANG_WARN_RANGE_LOOP_ANALYSIS = YES;
				CLANG_WARN_STRICT_PROTOTYPES = YES;
				CLANG_WARN_SUSPICIOUS_MOVE = YES;
				CLANG_WARN_UNGUARDED_AVAILABILITY = YES_AGGRESSIVE;
				CLANG_WARN_UNREACHABLE_CODE = YES;
				CLANG_WARN__DUPLICATE_METHOD_MATCH = YES;
				CODE_SIGN_IDENTITY = "iPhone Developer";
				COPY_PHASE_STRIP = NO;
				DEBUG_INFORMATION_FORMAT = dwarf;
				ENABLE_STRICT_OBJC_MSGSEND = YES;
				ENABLE_TESTABILITY = YES;
				GCC_C_LANGUAGE_STANDARD = gnu11;
				GCC_DYNAMIC_NO_PIC = NO;
				GCC_NO_COMMON_BLOCKS = YES;
				GCC_OPTIMIZATION_LEVEL = 0;
				GCC_PREPROCESSOR_DEFINITIONS = (
					"DEBUG=1",
					"$(inherited)",
				);
				GCC_WARN_64_TO_32_BIT_CONVERSION = YES;
				GCC_WARN_ABOUT_RETURN_TYPE = YES_ERROR;
				GCC_WARN_UNDECLARED_SELECTOR = YES;
				GCC_WARN_UNINITIALIZED_AUTOS = YES_AGGRESSIVE;
				GCC_WARN_UNUSED_FUNCTION = YES;
				GCC_WARN_UNUSED_VARIABLE = YES;
				IPHONEOS_DEPLOYMENT_TARGET = 12.1;
				MTL_ENABLE_DEBUG_INFO = INCLUDE_SOURCE;
				MTL_FAST_MATH = YES;
				ONLY_ACTIVE_ARCH = YES;
				SDKROOT = iphoneos;
				SWIFT_ACTIVE_COMPILATION_CONDITIONS = DEBUG;
				SWIFT_OPTIMIZATION_LEVEL = "-Onone";
			};
			name = Debug;
		};
		35B564B72256C63F002559DA /* Release */ = {
			isa = XCBuildConfiguration;
			buildSettings = {
				ALWAYS_SEARCH_USER_PATHS = NO;
				CLANG_ANALYZER_NONNULL = YES;
				CLANG_ANALYZER_NUMBER_OBJECT_CONVERSION = YES_AGGRESSIVE;
				CLANG_CXX_LANGUAGE_STANDARD = "gnu++14";
				CLANG_CXX_LIBRARY = "libc++";
				CLANG_ENABLE_MODULES = YES;
				CLANG_ENABLE_OBJC_ARC = YES;
				CLANG_ENABLE_OBJC_WEAK = YES;
				CLANG_WARN_BLOCK_CAPTURE_AUTORELEASING = YES;
				CLANG_WARN_BOOL_CONVERSION = YES;
				CLANG_WARN_COMMA = YES;
				CLANG_WARN_CONSTANT_CONVERSION = YES;
				CLANG_WARN_DEPRECATED_OBJC_IMPLEMENTATIONS = YES;
				CLANG_WARN_DIRECT_OBJC_ISA_USAGE = YES_ERROR;
				CLANG_WARN_DOCUMENTATION_COMMENTS = YES;
				CLANG_WARN_EMPTY_BODY = YES;
				CLANG_WARN_ENUM_CONVERSION = YES;
				CLANG_WARN_INFINITE_RECURSION = YES;
				CLANG_WARN_INT_CONVERSION = YES;
				CLANG_WARN_NON_LITERAL_NULL_CONVERSION = YES;
				CLANG_WARN_OBJC_IMPLICIT_RETAIN_SELF = YES;
				CLANG_WARN_OBJC_LITERAL_CONVERSION = YES;
				CLANG_WARN_OBJC_ROOT_CLASS = YES_ERROR;
				CLANG_WARN_RANGE_LOOP_ANALYSIS = YES;
				CLANG_WARN_STRICT_PROTOTYPES = YES;
				CLANG_WARN_SUSPICIOUS_MOVE = YES;
				CLANG_WARN_UNGUARDED_AVAILABILITY = YES_AGGRESSIVE;
				CLANG_WARN_UNREACHABLE_CODE = YES;
				CLANG_WARN__DUPLICATE_METHOD_MATCH = YES;
				CODE_SIGN_IDENTITY = "iPhone Developer";
				COPY_PHASE_STRIP = NO;
				DEBUG_INFORMATION_FORMAT = "dwarf-with-dsym";
				ENABLE_NS_ASSERTIONS = NO;
				ENABLE_STRICT_OBJC_MSGSEND = YES;
				GCC_C_LANGUAGE_STANDARD = gnu11;
				GCC_NO_COMMON_BLOCKS = YES;
				GCC_WARN_64_TO_32_BIT_CONVERSION = YES;
				GCC_WARN_ABOUT_RETURN_TYPE = YES_ERROR;
				GCC_WARN_UNDECLARED_SELECTOR = YES;
				GCC_WARN_UNINITIALIZED_AUTOS = YES_AGGRESSIVE;
				GCC_WARN_UNUSED_FUNCTION = YES;
				GCC_WARN_UNUSED_VARIABLE = YES;
				IPHONEOS_DEPLOYMENT_TARGET = 12.1;
				MTL_ENABLE_DEBUG_INFO = NO;
				MTL_FAST_MATH = YES;
				SDKROOT = iphoneos;
				SWIFT_COMPILATION_MODE = wholemodule;
				SWIFT_OPTIMIZATION_LEVEL = "-O";
				VALIDATE_PRODUCT = YES;
			};
			name = Release;
		};
		35B564B92256C63F002559DA /* Debug */ = {
			isa = XCBuildConfiguration;
			baseConfigurationReference = ACE3C1B2DBDB6D98EE7DF537 /* Pods-ElfElf.debug.xcconfig */;
			buildSettings = {
				ASSETCATALOG_COMPILER_APPICON_NAME = AppIcon;
				CLANG_ENABLE_MODULES = YES;
				CODE_SIGN_STYLE = Automatic;
				DEVELOPMENT_TEAM = TGKR7PCN52;
				INFOPLIST_FILE = ElfElf/Info.plist;
				LD_RUNPATH_SEARCH_PATHS = (
					"$(inherited)",
					"@executable_path/Frameworks",
				);
				PRODUCT_BUNDLE_IDENTIFIER = "Tod-Brown.ElfElf";
				PRODUCT_NAME = "$(TARGET_NAME)";
				SWIFT_OBJC_BRIDGING_HEADER = "ElfElf/Model/ElfElf-Bridging-Header.h";
				SWIFT_OPTIMIZATION_LEVEL = "-Onone";
				SWIFT_VERSION = 4.2;
				TARGETED_DEVICE_FAMILY = "1,2";
			};
			name = Debug;
		};
		35B564BA2256C63F002559DA /* Release */ = {
			isa = XCBuildConfiguration;
			baseConfigurationReference = 49F40D0BA44C2095AB760413 /* Pods-ElfElf.release.xcconfig */;
			buildSettings = {
				ASSETCATALOG_COMPILER_APPICON_NAME = AppIcon;
				CLANG_ENABLE_MODULES = YES;
				CODE_SIGN_STYLE = Automatic;
				DEVELOPMENT_TEAM = TGKR7PCN52;
				INFOPLIST_FILE = ElfElf/Info.plist;
				LD_RUNPATH_SEARCH_PATHS = (
					"$(inherited)",
					"@executable_path/Frameworks",
				);
				PRODUCT_BUNDLE_IDENTIFIER = "Tod-Brown.ElfElf";
				PRODUCT_NAME = "$(TARGET_NAME)";
				SWIFT_OBJC_BRIDGING_HEADER = "ElfElf/Model/ElfElf-Bridging-Header.h";
				SWIFT_VERSION = 4.2;
				TARGETED_DEVICE_FAMILY = "1,2";
			};
			name = Release;
		};
/* End XCBuildConfiguration section */

/* Begin XCConfigurationList section */
		35B564A12256C63E002559DA /* Build configuration list for PBXProject "ElfElf" */ = {
			isa = XCConfigurationList;
			buildConfigurations = (
				35B564B62256C63F002559DA /* Debug */,
				35B564B72256C63F002559DA /* Release */,
			);
			defaultConfigurationIsVisible = 0;
			defaultConfigurationName = Release;
		};
		35B564B82256C63F002559DA /* Build configuration list for PBXNativeTarget "ElfElf" */ = {
			isa = XCConfigurationList;
			buildConfigurations = (
				35B564B92256C63F002559DA /* Debug */,
				35B564BA2256C63F002559DA /* Release */,
			);
			defaultConfigurationIsVisible = 0;
			defaultConfigurationName = Release;
		};
/* End XCConfigurationList section */
	};
	rootObject = 35B5649E2256C63E002559DA /* Project object */;
}
